
Microsoft Visual Studio Solution File, Format Version 12.00
# Visual Studio Version 17
VisualStudioVersion = 17.7.34031.279
MinimumVisualStudioVersion = 10.0.40219.1
Project("{FAE04EC0-301F-11D3-BF4B-00C04F79EFBC}") = "7.3", "7.3\7.3.csproj", "{027C60AC-DE02-44F4-8B4D-76E89061A712}"
EndProject
Global
	GlobalSection(SolutionConfigurationPlatforms) = preSolution
		Debug|Any CPU = Debug|Any CPU
		Release|Any CPU = Release|Any CPU
	EndGlobalSection
	GlobalSection(ProjectConfigurationPlatforms) = postSolution
		{027C60AC-DE02-44F4-8B4D-76E89061A712}.Debug|Any CPU.ActiveCfg = Debug|Any CPU
		{027C60AC-DE02-44F4-8B4D-76E89061A712}.Debug|Any CPU.Build.0 = Debug|Any CPU
		{027C60AC-DE02-44F4-8B4D-76E89061A712}.Release|Any CPU.ActiveCfg = Release|Any CPU
		{027C60AC-DE02-44F4-8B4D-76E89061A712}.Release|Any CPU.Build.0 = Release|Any CPU
	EndGlobalSection
	GlobalSection(SolutionProperties) = preSolution
		HideSolutionNode = FALSE
	EndGlobalSection
	GlobalSection(ExtensibilityGlobals) = postSolution
		SolutionGuid = {275FEF76-842A-4E1D-9E65-EEB00FC5C5CC}
	EndGlobalSection
EndGlobal
